
Microsoft Visual Studio Solution File, Format Version 12.00
# Visual Studio 2012
Project("{FAE04EC0-301F-11D3-BF4B-00C04F79EFBC}") = "IdioSoft.Site", "IdioSoft.Site\IdioSoft.Site.csproj", "{48738C29-1058-4C0B-9818-4D2CDC944027}"
EndProject
Project("{FAE04EC0-301F-11D3-BF4B-00C04F79EFBC}") = "IdioSoft.Business", "IdioSoft.Business\IdioSoft.Business.csproj", "{4CF9F8A2-808B-4E45-9BA2-D7AD4BD99DDF}"
EndProject
Project("{FAE04EC0-301F-11D3-BF4B-00C04F79EFBC}") = "IdioSoft.Site.DB", "IdioSoft.Site.DB\IdioSoft.Site.DB.csproj", "{B253B19D-5572-4DB7-9A2A-ECEE77CE6771}"
EndProject
Global
	GlobalSection(SolutionConfigurationPlatforms) = preSolution
		Debug|Any CPU = Debug|Any CPU
		Release|Any CPU = Release|Any CPU
	EndGlobalSection
	GlobalSection(ProjectConfigurationPlatforms) = postSolution
		{48738C29-1058-4C0B-9818-4D2CDC944027}.Debug|Any CPU.ActiveCfg = Debug|Any CPU
		{48738C29-1058-4C0B-9818-4D2CDC944027}.Debug|Any CPU.Build.0 = Debug|Any CPU
		{48738C29-1058-4C0B-9818-4D2CDC944027}.Release|Any CPU.ActiveCfg = Release|Any CPU
		{48738C29-1058-4C0B-9818-4D2CDC944027}.Release|Any CPU.Build.0 = Release|Any CPU
		{4CF9F8A2-808B-4E45-9BA2-D7AD4BD99DDF}.Debug|Any CPU.ActiveCfg = Debug|Any CPU
		{4CF9F8A2-808B-4E45-9BA2-D7AD4BD99DDF}.Debug|Any CPU.Build.0 = Debug|Any CPU
		{4CF9F8A2-808B-4E45-9BA2-D7AD4BD99DDF}.Release|Any CPU.ActiveCfg = Release|Any CPU
		{4CF9F8A2-808B-4E45-9BA2-D7AD4BD99DDF}.Release|Any CPU.Build.0 = Release|Any CPU
		{B253B19D-5572-4DB7-9A2A-ECEE77CE6771}.Debug|Any CPU.ActiveCfg = Debug|Any CPU
		{B253B19D-5572-4DB7-9A2A-ECEE77CE6771}.Debug|Any CPU.Build.0 = Debug|Any CPU
		{B253B19D-5572-4DB7-9A2A-ECEE77CE6771}.Release|Any CPU.ActiveCfg = Release|Any CPU
		{B253B19D-5572-4DB7-9A2A-ECEE77CE6771}.Release|Any CPU.Build.0 = Release|Any CPU
	EndGlobalSection
	GlobalSection(SolutionProperties) = preSolution
		HideSolutionNode = FALSE
	EndGlobalSection
EndGlobal
